
Microsoft Visual Studio Solution File, Format Version 12.00
# Visual Studio Version 17
VisualStudioVersion = 17.7.34221.43
MinimumVisualStudioVersion = 10.0.40219.1
Project("{FAE04EC0-301F-11D3-BF4B-00C04F79EFBC}") = "MaiChartLib", "MaiChartLib.csproj", "{9DA27CE5-5E80-45E2-97DA-A75619909608}"
EndProject
Global
	GlobalSection(SolutionConfigurationPlatforms) = preSolution
		Debug|Any CPU = Debug|Any CPU
		Release|Any CPU = Release|Any CPU
	EndGlobalSection
	GlobalSection(ProjectConfigurationPlatforms) = postSolution
		{9DA27CE5-5E80-45E2-97DA-A75619909608}.Debug|Any CPU.ActiveCfg = Debug|Any CPU
		{9DA27CE5-5E80-45E2-97DA-A75619909608}.Debug|Any CPU.Build.0 = Debug|Any CPU
		{9DA27CE5-5E80-45E2-97DA-A75619909608}.Release|Any CPU.ActiveCfg = Release|Any CPU
		{9DA27CE5-5E80-45E2-97DA-A75619909608}.Release|Any CPU.Build.0 = Release|Any CPU
	EndGlobalSection
	GlobalSection(SolutionProperties) = preSolution
		HideSolutionNode = FALSE
	EndGlobalSection
	GlobalSection(ExtensibilityGlobals) = postSolution
		SolutionGuid = {98075271-40AF-4D30-AD18-3398B58014FD}
	EndGlobalSection
EndGlobal
